// !$*UTF8*$!
{ archiveVersion = 1; classes = {}; objectVersion = 56; objects = {
9565B8EC642004BE96B64235 = { isa = PBXFileReference; lastKnownFileType = sourcecode.swift; path = "DropRate/API.swift"; sourceTree = "<group>"; };
6AE8A13EA61EF6F719895317 = { isa = PBXBuildFile; fileRef = 9565B8EC642004BE96B64235; };
D4B4BE40FC8E946B418E2775 = { isa = PBXFileReference; lastKnownFileType = sourcecode.swift; path = "DropRate/App.swift"; sourceTree = "<group>"; };
04496518AAEFED400D626365 = { isa = PBXBuildFile; fileRef = D4B4BE40FC8E946B418E2775; };
A1C81BD7468DB4B4CE43214F = { isa = PBXFileReference; lastKnownFileType = sourcecode.swift; path = "DropRate/Camera.swift"; sourceTree = "<group>"; };
6AF65F765556A2CA7F29BD5F = { isa = PBXBuildFile; fileRef = A1C81BD7468DB4B4CE43214F; };
A185542400A8B592712EAD5D = { isa = PBXFileReference; lastKnownFileType = sourcecode.swift; path = "DropRate/Models.swift"; sourceTree = "<group>"; };
4DE42B5A6B4DE728A3D43E29 = { isa = PBXBuildFile; fileRef = A185542400A8B592712EAD5D; };
869705B07F78BED81941144D = { isa = PBXFileReference; lastKnownFileType = sourcecode.swift; path = "DropRate/ScanReview.swift"; sourceTree = "<group>"; };
39A4CD1B60FA3D968C7FD0BE = { isa = PBXBuildFile; fileRef = 869705B07F78BED81941144D; };
E3E71C786D09782FB8F8B84B = { isa = PBXFileReference; lastKnownFileType = sourcecode.swift; path = "DropRate/Search.swift"; sourceTree = "<group>"; };
9FD9FA27F6AF07DA11BB9663 = { isa = PBXBuildFile; fileRef = E3E71C786D09782FB8F8B84B; };
44F5D8EB2AB144E80EC00AF2 = { isa = PBXFileReference; lastKnownFileType = sourcecode.swift; path = "DropRateTests/ModelTests.swift"; sourceTree = "<group>"; };
D4C8CD6B64F81996FCFF2DA5 = { isa = PBXBuildFile; fileRef = 44F5D8EB2AB144E80EC00AF2; };
1A3BC67E841530B2CB7BBD28 = { isa = PBXFileReference; lastKnownFileType = text.xml; path = "DropRate/PrivacyInfo.xcprivacy"; sourceTree = "<group>"; };
0CCD495A3F6E22573BB8B3DC = { isa = PBXBuildFile; fileRef = 1A3BC67E841530B2CB7BBD28; };
6EAF2B8B077E2F450566157A = { isa = PBXFileReference; lastKnownFileType = folder.assetcatalog; path = "DropRate/Assets.xcassets"; sourceTree = "<group>"; };
C621438205F77B29795A1854 = { isa = PBXBuildFile; fileRef = 6EAF2B8B077E2F450566157A; };
6C6BC66154CEC82B2871FE8A = { isa = PBXFileReference; lastKnownFileType = text.plist.xml; path = "DropRate/Info.plist"; sourceTree = "<group>"; };
7D1043473D55BFA90E8530D3 = { isa = PBXFileReference; explicitFileType = wrapper.application; path = DropRate.app; sourceTree = BUILT_PRODUCTS_DIR; };
A94A8FE5CCB19BA61C4C0873 = { isa = PBXFileReference; explicitFileType = wrapper.cfbundle; path = DropRateTests.xctest; sourceTree = BUILT_PRODUCTS_DIR; };
BCE16DD0260827ECF338C787 = { isa = PBXSourcesBuildPhase; buildActionMask = 2147483647; files = (6AE8A13EA61EF6F719895317,04496518AAEFED400D626365,6AF65F765556A2CA7F29BD5F,4DE42B5A6B4DE728A3D43E29,39A4CD1B60FA3D968C7FD0BE,9FD9FA27F6AF07DA11BB9663); runOnlyForDeploymentPostprocessing = 0; };
9F3002A5D69B22D357A58AA9 = { isa = PBXSourcesBuildPhase; buildActionMask = 2147483647; files = (D4C8CD6B64F81996FCFF2DA5); runOnlyForDeploymentPostprocessing = 0; };
0189424A5A60FED329FA868E = { isa = PBXResourcesBuildPhase; buildActionMask = 2147483647; files = (0CCD495A3F6E22573BB8B3DC,C621438205F77B29795A1854); runOnlyForDeploymentPostprocessing = 0; };
7561BFB015D8F536760CB671 = { isa = PBXFrameworksBuildPhase; buildActionMask = 2147483647; files = (); runOnlyForDeploymentPostprocessing = 0; };
99C7943D90D870A50ADE9160 = { isa = PBXFrameworksBuildPhase; buildActionMask = 2147483647; files = (); runOnlyForDeploymentPostprocessing = 0; };
FBDC4F23F93125BBEEAE800C = { isa = PBXGroup; children = (7D1043473D55BFA90E8530D3,A94A8FE5CCB19BA61C4C0873); name = Products; sourceTree = "<group>"; };
325F10A6957A34D66CB8C0E4 = { isa = PBXGroup; children = (9565B8EC642004BE96B64235,D4B4BE40FC8E946B418E2775,A1C81BD7468DB4B4CE43214F,A185542400A8B592712EAD5D,869705B07F78BED81941144D,E3E71C786D09782FB8F8B84B,44F5D8EB2AB144E80EC00AF2,1A3BC67E841530B2CB7BBD28,6EAF2B8B077E2F450566157A,6C6BC66154CEC82B2871FE8A,FBDC4F23F93125BBEEAE800C); sourceTree = "<group>"; };
89E1FD6268CC0F221A2BE178 = { isa = XCBuildConfiguration; buildSettings = { SDKROOT = "iphoneos"; IPHONEOS_DEPLOYMENT_TARGET = "17.0"; SWIFT_VERSION = "5.0"; TARGETED_DEVICE_FAMILY = "1"; CLANG_ENABLE_MODULES = "YES"; ENABLE_USER_SCRIPT_SANDBOXING = "YES"; SWIFT_OPTIMIZATION_LEVEL = "-Onone"; DEBUG_INFORMATION_FORMAT = "dwarf"; ENABLE_TESTABILITY = "YES"; }; name = Debug; };
E6DE6C99132752C914FEF632 = { isa = XCBuildConfiguration; buildSettings = { SDKROOT = "iphoneos"; IPHONEOS_DEPLOYMENT_TARGET = "17.0"; SWIFT_VERSION = "5.0"; TARGETED_DEVICE_FAMILY = "1"; CLANG_ENABLE_MODULES = "YES"; ENABLE_USER_SCRIPT_SANDBOXING = "YES"; SWIFT_OPTIMIZATION_LEVEL = "-O"; DEBUG_INFORMATION_FORMAT = "dwarf-with-dsym"; }; name = Release; };
862894B703A6DEDF96A9DD6C = { isa = XCConfigurationList; buildConfigurations = (89E1FD6268CC0F221A2BE178,E6DE6C99132752C914FEF632); defaultConfigurationIsVisible = 0; defaultConfigurationName = Release; };
E9B2E96ABC5F6856F2BE79CF = { isa = XCBuildConfiguration; buildSettings = { SDKROOT = "iphoneos"; IPHONEOS_DEPLOYMENT_TARGET = "17.0"; SWIFT_VERSION = "5.0"; TARGETED_DEVICE_FAMILY = "1"; CLANG_ENABLE_MODULES = "YES"; ENABLE_USER_SCRIPT_SANDBOXING = "YES"; SWIFT_OPTIMIZATION_LEVEL = "-Onone"; DEBUG_INFORMATION_FORMAT = "dwarf"; PRODUCT_NAME = "DropRate"; PRODUCT_BUNDLE_IDENTIFIER = "com.droprate.sellerhub"; INFOPLIST_FILE = "DropRate/Info.plist"; CODE_SIGN_STYLE = "Automatic"; LD_RUNPATH_SEARCH_PATHS = "$(inherited) @executable_path/Frameworks"; ENABLE_TESTABILITY = "YES"; }; name = Debug; };
5A8C91857F674E16E2724F47 = { isa = XCBuildConfiguration; buildSettings = { SDKROOT = "iphoneos"; IPHONEOS_DEPLOYMENT_TARGET = "17.0"; SWIFT_VERSION = "5.0"; TARGETED_DEVICE_FAMILY = "1"; CLANG_ENABLE_MODULES = "YES"; ENABLE_USER_SCRIPT_SANDBOXING = "YES"; SWIFT_OPTIMIZATION_LEVEL = "-O"; DEBUG_INFORMATION_FORMAT = "dwarf-with-dsym"; PRODUCT_NAME = "DropRate"; PRODUCT_BUNDLE_IDENTIFIER = "com.droprate.sellerhub"; INFOPLIST_FILE = "DropRate/Info.plist"; CODE_SIGN_STYLE = "Automatic"; LD_RUNPATH_SEARCH_PATHS = "$(inherited) @executable_path/Frameworks"; }; name = Release; };
F37922C48DA5978D02C9E50E = { isa = XCConfigurationList; buildConfigurations = (E9B2E96ABC5F6856F2BE79CF,5A8C91857F674E16E2724F47); defaultConfigurationIsVisible = 0; defaultConfigurationName = Release; };
FCB48D8F88BCDB0ED9FADFD7 = { isa = XCBuildConfiguration; buildSettings = { SDKROOT = "iphoneos"; IPHONEOS_DEPLOYMENT_TARGET = "17.0"; SWIFT_VERSION = "5.0"; TARGETED_DEVICE_FAMILY = "1"; CLANG_ENABLE_MODULES = "YES"; ENABLE_USER_SCRIPT_SANDBOXING = "YES"; SWIFT_OPTIMIZATION_LEVEL = "-Onone"; DEBUG_INFORMATION_FORMAT = "dwarf"; PRODUCT_NAME = "DropRateTests"; PRODUCT_BUNDLE_IDENTIFIER = "com.droprate.sellerhub.tests"; GENERATE_INFOPLIST_FILE = "YES"; TEST_HOST = "$(BUILT_PRODUCTS_DIR)/DropRate.app/DropRate"; BUNDLE_LOADER = "$(TEST_HOST)"; ENABLE_TESTABILITY = "YES"; }; name = Debug; };
942EEBBACD6C88CAE7F29B29 = { isa = XCBuildConfiguration; buildSettings = { SDKROOT = "iphoneos"; IPHONEOS_DEPLOYMENT_TARGET = "17.0"; SWIFT_VERSION = "5.0"; TARGETED_DEVICE_FAMILY = "1"; CLANG_ENABLE_MODULES = "YES"; ENABLE_USER_SCRIPT_SANDBOXING = "YES"; SWIFT_OPTIMIZATION_LEVEL = "-O"; DEBUG_INFORMATION_FORMAT = "dwarf-with-dsym"; PRODUCT_NAME = "DropRateTests"; PRODUCT_BUNDLE_IDENTIFIER = "com.droprate.sellerhub.tests"; GENERATE_INFOPLIST_FILE = "YES"; TEST_HOST = "$(BUILT_PRODUCTS_DIR)/DropRate.app/DropRate"; BUNDLE_LOADER = "$(TEST_HOST)"; }; name = Release; };
BECB265224D91761C05FDA33 = { isa = XCConfigurationList; buildConfigurations = (FCB48D8F88BCDB0ED9FADFD7,942EEBBACD6C88CAE7F29B29); defaultConfigurationIsVisible = 0; defaultConfigurationName = Release; };
0E8A3AD980EC179856012B7E = { isa = PBXNativeTarget; buildConfigurationList = F37922C48DA5978D02C9E50E; buildPhases = (BCE16DD0260827ECF338C787,7561BFB015D8F536760CB671,0189424A5A60FED329FA868E); buildRules = (); dependencies = (); name = DropRate; productName = DropRate; productReference = 7D1043473D55BFA90E8530D3; productType = "com.apple.product-type.application"; };
D799BAE6088A90139B415FCC = { isa = PBXContainerItemProxy; containerPortal = 98F54143AB4E86B28C3AFEE0; proxyType = 1; remoteGlobalIDString = 0E8A3AD980EC179856012B7E; remoteInfo = DropRate; };
E9FAD0C6CD43534327C0AF90 = { isa = PBXTargetDependency; target = 0E8A3AD980EC179856012B7E; targetProxy = D799BAE6088A90139B415FCC; };
0A06C5E2DA34E686D888A695 = { isa = PBXNativeTarget; buildConfigurationList = BECB265224D91761C05FDA33; buildPhases = (9F3002A5D69B22D357A58AA9,99C7943D90D870A50ADE9160); buildRules = (); dependencies = (E9FAD0C6CD43534327C0AF90); name = DropRateTests; productName = DropRateTests; productReference = A94A8FE5CCB19BA61C4C0873; productType = "com.apple.product-type.bundle.unit-test"; };
98F54143AB4E86B28C3AFEE0 = { isa = PBXProject; attributes = { LastUpgradeCheck = 1600; }; buildConfigurationList = 862894B703A6DEDF96A9DD6C; compatibilityVersion = "Xcode 14.0"; developmentRegion = en; hasScannedForEncodings = 0; knownRegions = (en,Base); mainGroup = 325F10A6957A34D66CB8C0E4; productRefGroup = FBDC4F23F93125BBEEAE800C; projectDirPath = ""; projectRoot = ""; targets = (0E8A3AD980EC179856012B7E,0A06C5E2DA34E686D888A695); };
}; rootObject = 98F54143AB4E86B28C3AFEE0; }
